
Microsoft Visual Studio Solution File, Format Version 12.00
# Visual Studio Version 17
VisualStudioVersion = 17.4.33213.308
MinimumVisualStudioVersion = 10.0.40219.1
Project("{FAE04EC0-301F-11D3-BF4B-00C04F79EFBC}") = "My-Books", "My-Books\My-Books.csproj", "{A53443E6-D243-4EA4-8E9A-2BEF263EC98D}"
EndProject
Global
	GlobalSection(SolutionConfigurationPlatforms) = preSolution
		Debug|Any CPU = Debug|Any CPU
		Release|Any CPU = Release|Any CPU
	EndGlobalSection
	GlobalSection(ProjectConfigurationPlatforms) = postSolution
		{A53443E6-D243-4EA4-8E9A-2BEF263EC98D}.Debug|Any CPU.ActiveCfg = Debug|Any CPU
		{A53443E6-D243-4EA4-8E9A-2BEF263EC98D}.Debug|Any CPU.Build.0 = Debug|Any CPU
		{A53443E6-D243-4EA4-8E9A-2BEF263EC98D}.Release|Any CPU.ActiveCfg = Release|Any CPU
		{A53443E6-D243-4EA4-8E9A-2BEF263EC98D}.Release|Any CPU.Build.0 = Release|Any CPU
	EndGlobalSection
	GlobalSection(SolutionProperties) = preSolution
		HideSolutionNode = FALSE
	EndGlobalSection
	GlobalSection(ExtensibilityGlobals) = postSolution
		SolutionGuid = {BD4AC8BA-3E59-4845-82E9-D2811C7540E2}
	EndGlobalSection
EndGlobal
